
Microsoft Visual Studio Solution File, Format Version 12.00
# Visual Studio 15
VisualStudioVersion = 15.0.28010.2041
MinimumVisualStudioVersion = 10.0.40219.1
Project("{9A19103F-16F7-4668-BE54-9A1E7A4F7556}") = "GeneticAlgorithm_Tests", "GeneticAlgorithm_Tests\GeneticAlgorithm_Tests.csproj", "{DA7DDC8F-560A-41BF-B0A9-8DEF48D03A26}"
EndProject
Project("{9A19103F-16F7-4668-BE54-9A1E7A4F7556}") = "Loader", "..\Loader\Loader\Loader.csproj", "{8157AAF7-4C38-48C3-8968-D44256A6E018}"
EndProject
Project("{9A19103F-16F7-4668-BE54-9A1E7A4F7556}") = "GeneticAlgorithmLogic", "GeneticAlgorithm\GeneticAlgorithmLogic.csproj", "{BEE4DFA2-4E37-4680-905F-23FE219D7348}"
EndProject
Project("{9A19103F-16F7-4668-BE54-9A1E7A4F7556}") = "ConsoleCoreUI", "..\ConsoleCoreUI\ConsoleCoreUI\ConsoleCoreUI.csproj", "{C7F60877-E26F-4D5F-822D-3007F01687CB}"
EndProject
Project("{9A19103F-16F7-4668-BE54-9A1E7A4F7556}") = "GlobalData", "..\DataModel\DataModel\GlobalData.csproj", "{79BC29BF-29BB-4355-83E3-F3F6768B6D6F}"
EndProject
Global
	GlobalSection(SolutionConfigurationPlatforms) = preSolution
		Debug|Any CPU = Debug|Any CPU
		Release|Any CPU = Release|Any CPU
	EndGlobalSection
	GlobalSection(ProjectConfigurationPlatforms) = postSolution
		{DA7DDC8F-560A-41BF-B0A9-8DEF48D03A26}.Debug|Any CPU.ActiveCfg = Debug|Any CPU
		{DA7DDC8F-560A-41BF-B0A9-8DEF48D03A26}.Debug|Any CPU.Build.0 = Debug|Any CPU
		{DA7DDC8F-560A-41BF-B0A9-8DEF48D03A26}.Release|Any CPU.ActiveCfg = Release|Any CPU
		{DA7DDC8F-560A-41BF-B0A9-8DEF48D03A26}.Release|Any CPU.Build.0 = Release|Any CPU
		{8157AAF7-4C38-48C3-8968-D44256A6E018}.Debug|Any CPU.ActiveCfg = Debug|Any CPU
		{8157AAF7-4C38-48C3-8968-D44256A6E018}.Debug|Any CPU.Build.0 = Debug|Any CPU
		{8157AAF7-4C38-48C3-8968-D44256A6E018}.Release|Any CPU.ActiveCfg = Release|Any CPU
		{8157AAF7-4C38-48C3-8968-D44256A6E018}.Release|Any CPU.Build.0 = Release|Any CPU
		{BEE4DFA2-4E37-4680-905F-23FE219D7348}.Debug|Any CPU.ActiveCfg = Debug|Any CPU
		{BEE4DFA2-4E37-4680-905F-23FE219D7348}.Debug|Any CPU.Build.0 = Debug|Any CPU
		{BEE4DFA2-4E37-4680-905F-23FE219D7348}.Release|Any CPU.ActiveCfg = Release|Any CPU
		{BEE4DFA2-4E37-4680-905F-23FE219D7348}.Release|Any CPU.Build.0 = Release|Any CPU
		{C7F60877-E26F-4D5F-822D-3007F01687CB}.Debug|Any CPU.ActiveCfg = Debug|Any CPU
		{C7F60877-E26F-4D5F-822D-3007F01687CB}.Debug|Any CPU.Build.0 = Debug|Any CPU
		{C7F60877-E26F-4D5F-822D-3007F01687CB}.Release|Any CPU.ActiveCfg = Release|Any CPU
		{C7F60877-E26F-4D5F-822D-3007F01687CB}.Release|Any CPU.Build.0 = Release|Any CPU
		{79BC29BF-29BB-4355-83E3-F3F6768B6D6F}.Debug|Any CPU.ActiveCfg = Debug|Any CPU
		{79BC29BF-29BB-4355-83E3-F3F6768B6D6F}.Debug|Any CPU.Build.0 = Debug|Any CPU
		{79BC29BF-29BB-4355-83E3-F3F6768B6D6F}.Release|Any CPU.ActiveCfg = Release|Any CPU
		{79BC29BF-29BB-4355-83E3-F3F6768B6D6F}.Release|Any CPU.Build.0 = Release|Any CPU
	EndGlobalSection
	GlobalSection(SolutionProperties) = preSolution
		HideSolutionNode = FALSE
	EndGlobalSection
	GlobalSection(ExtensibilityGlobals) = postSolution
		SolutionGuid = {D89EA26E-6971-4DAC-A212-D6732136570B}
	EndGlobalSection
EndGlobal
