
Microsoft Visual Studio Solution File, Format Version 12.00
# Visual Studio 15
VisualStudioVersion = 15.0.28010.2041
MinimumVisualStudioVersion = 10.0.40219.1
Project("{9A19103F-16F7-4668-BE54-9A1E7A4F7556}") = "GeneticAlgorithm", "GeneticAlgorithm\GeneticAlgorithm.csproj", "{D50BD27A-F087-408F-8765-E153C9F101BF}"
EndProject
Project("{FAE04EC0-301F-11D3-BF4B-00C04F79EFBC}") = "GeneticAlgorithm_Tests", "GeneticAlgorithm_Tests\GeneticAlgorithm_Tests.csproj", "{DA7DDC8F-560A-41BF-B0A9-8DEF48D03A26}"
EndProject
Project("{9A19103F-16F7-4668-BE54-9A1E7A4F7556}") = "Loader", "..\Loader\Loader\Loader.csproj", "{8157AAF7-4C38-48C3-8968-D44256A6E018}"
EndProject
Project("{9A19103F-16F7-4668-BE54-9A1E7A4F7556}") = "DataModel", "..\DataModel\DataModel\DataModel.csproj", "{6EBE42D0-8F7B-42D0-99D3-21E9C316EEF3}"
EndProject
Global
	GlobalSection(SolutionConfigurationPlatforms) = preSolution
		Debug|Any CPU = Debug|Any CPU
		Release|Any CPU = Release|Any CPU
	EndGlobalSection
	GlobalSection(ProjectConfigurationPlatforms) = postSolution
		{D50BD27A-F087-408F-8765-E153C9F101BF}.Debug|Any CPU.ActiveCfg = Debug|Any CPU
		{D50BD27A-F087-408F-8765-E153C9F101BF}.Debug|Any CPU.Build.0 = Debug|Any CPU
		{D50BD27A-F087-408F-8765-E153C9F101BF}.Release|Any CPU.ActiveCfg = Release|Any CPU
		{D50BD27A-F087-408F-8765-E153C9F101BF}.Release|Any CPU.Build.0 = Release|Any CPU
		{DA7DDC8F-560A-41BF-B0A9-8DEF48D03A26}.Debug|Any CPU.ActiveCfg = Debug|Any CPU
		{DA7DDC8F-560A-41BF-B0A9-8DEF48D03A26}.Debug|Any CPU.Build.0 = Debug|Any CPU
		{DA7DDC8F-560A-41BF-B0A9-8DEF48D03A26}.Release|Any CPU.ActiveCfg = Release|Any CPU
		{DA7DDC8F-560A-41BF-B0A9-8DEF48D03A26}.Release|Any CPU.Build.0 = Release|Any CPU
		{8157AAF7-4C38-48C3-8968-D44256A6E018}.Debug|Any CPU.ActiveCfg = Debug|Any CPU
		{8157AAF7-4C38-48C3-8968-D44256A6E018}.Debug|Any CPU.Build.0 = Debug|Any CPU
		{8157AAF7-4C38-48C3-8968-D44256A6E018}.Release|Any CPU.ActiveCfg = Release|Any CPU
		{8157AAF7-4C38-48C3-8968-D44256A6E018}.Release|Any CPU.Build.0 = Release|Any CPU
		{6EBE42D0-8F7B-42D0-99D3-21E9C316EEF3}.Debug|Any CPU.ActiveCfg = Debug|Any CPU
		{6EBE42D0-8F7B-42D0-99D3-21E9C316EEF3}.Debug|Any CPU.Build.0 = Debug|Any CPU
		{6EBE42D0-8F7B-42D0-99D3-21E9C316EEF3}.Release|Any CPU.ActiveCfg = Release|Any CPU
		{6EBE42D0-8F7B-42D0-99D3-21E9C316EEF3}.Release|Any CPU.Build.0 = Release|Any CPU
	EndGlobalSection
	GlobalSection(SolutionProperties) = preSolution
		HideSolutionNode = FALSE
	EndGlobalSection
	GlobalSection(ExtensibilityGlobals) = postSolution
		SolutionGuid = {D89EA26E-6971-4DAC-A212-D6732136570B}
	EndGlobalSection
EndGlobal
